
Microsoft Visual Studio Solution File, Format Version 12.00
# Visual Studio Version 17
VisualStudioVersion = 17.6.33829.357
MinimumVisualStudioVersion = 10.0.40219.1
Project("{FAE04EC0-301F-11D3-BF4B-00C04F79EFBC}") = "ExpanceTracker", "ExpanceTracker\ExpanceTracker.csproj", "{C88C871E-7B0E-44D1-8302-E57E825261D7}"
EndProject
Global
	GlobalSection(SolutionConfigurationPlatforms) = preSolution
		Debug|Any CPU = Debug|Any CPU
		Release|Any CPU = Release|Any CPU
	EndGlobalSection
	GlobalSection(ProjectConfigurationPlatforms) = postSolution
		{C88C871E-7B0E-44D1-8302-E57E825261D7}.Debug|Any CPU.ActiveCfg = Debug|Any CPU
		{C88C871E-7B0E-44D1-8302-E57E825261D7}.Debug|Any CPU.Build.0 = Debug|Any CPU
		{C88C871E-7B0E-44D1-8302-E57E825261D7}.Release|Any CPU.ActiveCfg = Release|Any CPU
		{C88C871E-7B0E-44D1-8302-E57E825261D7}.Release|Any CPU.Build.0 = Release|Any CPU
	EndGlobalSection
	GlobalSection(SolutionProperties) = preSolution
		HideSolutionNode = FALSE
	EndGlobalSection
	GlobalSection(ExtensibilityGlobals) = postSolution
		SolutionGuid = {6AA01E8D-751E-4E3A-9808-C923C1E035C7}
	EndGlobalSection
EndGlobal
